
Microsoft Visual Studio Solution File, Format Version 12.00
# Visual Studio Version 17
VisualStudioVersion = 17.7.34221.43
MinimumVisualStudioVersion = 10.0.40219.1
Project("{FAE04EC0-301F-11D3-BF4B-00C04F79EFBC}") = "Biblioteca", "Biblioteca\Biblioteca.csproj", "{10DD641A-FF17-4788-AD52-EB4F1FC4AA24}"
EndProject
Project("{FAE04EC0-301F-11D3-BF4B-00C04F79EFBC}") = "BibliotecaTest", "BibliotecaTest\BibliotecaTest.csproj", "{7E48F1E9-B2CE-4359-9B3E-E8D26FFFA161}"
EndProject
Global
	GlobalSection(SolutionConfigurationPlatforms) = preSolution
		Debug|Any CPU = Debug|Any CPU
		Debug|ARM64 = Debug|ARM64
		Debug|x64 = Debug|x64
		Release|Any CPU = Release|Any CPU
		Release|ARM64 = Release|ARM64
		Release|x64 = Release|x64
	EndGlobalSection
	GlobalSection(ProjectConfigurationPlatforms) = postSolution
		{10DD641A-FF17-4788-AD52-EB4F1FC4AA24}.Debug|Any CPU.ActiveCfg = Debug|Any CPU
		{10DD641A-FF17-4788-AD52-EB4F1FC4AA24}.Debug|Any CPU.Build.0 = Debug|Any CPU
		{10DD641A-FF17-4788-AD52-EB4F1FC4AA24}.Debug|ARM64.ActiveCfg = Debug|Any CPU
		{10DD641A-FF17-4788-AD52-EB4F1FC4AA24}.Debug|ARM64.Build.0 = Debug|Any CPU
		{10DD641A-FF17-4788-AD52-EB4F1FC4AA24}.Debug|x64.ActiveCfg = Debug|x64
		{10DD641A-FF17-4788-AD52-EB4F1FC4AA24}.Debug|x64.Build.0 = Debug|x64
		{10DD641A-FF17-4788-AD52-EB4F1FC4AA24}.Release|Any CPU.ActiveCfg = Release|Any CPU
		{10DD641A-FF17-4788-AD52-EB4F1FC4AA24}.Release|Any CPU.Build.0 = Release|Any CPU
		{10DD641A-FF17-4788-AD52-EB4F1FC4AA24}.Release|ARM64.ActiveCfg = Release|Any CPU
		{10DD641A-FF17-4788-AD52-EB4F1FC4AA24}.Release|ARM64.Build.0 = Release|Any CPU
		{10DD641A-FF17-4788-AD52-EB4F1FC4AA24}.Release|x64.ActiveCfg = Release|x64
		{10DD641A-FF17-4788-AD52-EB4F1FC4AA24}.Release|x64.Build.0 = Release|x64
		{7E48F1E9-B2CE-4359-9B3E-E8D26FFFA161}.Debug|Any CPU.ActiveCfg = Debug|Any CPU
		{7E48F1E9-B2CE-4359-9B3E-E8D26FFFA161}.Debug|Any CPU.Build.0 = Debug|Any CPU
		{7E48F1E9-B2CE-4359-9B3E-E8D26FFFA161}.Debug|ARM64.ActiveCfg = Debug|ARM64
		{7E48F1E9-B2CE-4359-9B3E-E8D26FFFA161}.Debug|ARM64.Build.0 = Debug|ARM64
		{7E48F1E9-B2CE-4359-9B3E-E8D26FFFA161}.Debug|x64.ActiveCfg = Debug|x64
		{7E48F1E9-B2CE-4359-9B3E-E8D26FFFA161}.Debug|x64.Build.0 = Debug|x64
		{7E48F1E9-B2CE-4359-9B3E-E8D26FFFA161}.Release|Any CPU.ActiveCfg = Release|Any CPU
		{7E48F1E9-B2CE-4359-9B3E-E8D26FFFA161}.Release|Any CPU.Build.0 = Release|Any CPU
		{7E48F1E9-B2CE-4359-9B3E-E8D26FFFA161}.Release|ARM64.ActiveCfg = Release|ARM64
		{7E48F1E9-B2CE-4359-9B3E-E8D26FFFA161}.Release|ARM64.Build.0 = Release|ARM64
		{7E48F1E9-B2CE-4359-9B3E-E8D26FFFA161}.Release|x64.ActiveCfg = Release|x64
		{7E48F1E9-B2CE-4359-9B3E-E8D26FFFA161}.Release|x64.Build.0 = Release|x64
	EndGlobalSection
	GlobalSection(SolutionProperties) = preSolution
		HideSolutionNode = FALSE
	EndGlobalSection
	GlobalSection(ExtensibilityGlobals) = postSolution
		SolutionGuid = {8FB413BA-EBE7-4760-8DFC-561EA49CFCF8}
	EndGlobalSection
EndGlobal
