
Microsoft Visual Studio Solution File, Format Version 12.00
# Visual Studio Version 17
VisualStudioVersion = 17.7.34221.43
MinimumVisualStudioVersion = 10.0.40219.1
Project("{FAE04EC0-301F-11D3-BF4B-00C04F79EFBC}") = "Biblioteca", "Biblioteca\Biblioteca.csproj", "{10DD641A-FF17-4788-AD52-EB4F1FC4AA24}"
EndProject
Project("{FAE04EC0-301F-11D3-BF4B-00C04F79EFBC}") = "TestProject1", "TestProject1\TestProject1.csproj", "{66597CE0-D0A7-4B75-9D41-220AB1B3224E}"
EndProject
Global
	GlobalSection(SolutionConfigurationPlatforms) = preSolution
		Debug|Any CPU = Debug|Any CPU
		Release|Any CPU = Release|Any CPU
	EndGlobalSection
	GlobalSection(ProjectConfigurationPlatforms) = postSolution
		{10DD641A-FF17-4788-AD52-EB4F1FC4AA24}.Debug|Any CPU.ActiveCfg = Debug|Any CPU
		{10DD641A-FF17-4788-AD52-EB4F1FC4AA24}.Debug|Any CPU.Build.0 = Debug|Any CPU
		{10DD641A-FF17-4788-AD52-EB4F1FC4AA24}.Release|Any CPU.ActiveCfg = Release|Any CPU
		{10DD641A-FF17-4788-AD52-EB4F1FC4AA24}.Release|Any CPU.Build.0 = Release|Any CPU
		{66597CE0-D0A7-4B75-9D41-220AB1B3224E}.Debug|Any CPU.ActiveCfg = Debug|Any CPU
		{66597CE0-D0A7-4B75-9D41-220AB1B3224E}.Debug|Any CPU.Build.0 = Debug|Any CPU
		{66597CE0-D0A7-4B75-9D41-220AB1B3224E}.Release|Any CPU.ActiveCfg = Release|Any CPU
		{66597CE0-D0A7-4B75-9D41-220AB1B3224E}.Release|Any CPU.Build.0 = Release|Any CPU
	EndGlobalSection
	GlobalSection(SolutionProperties) = preSolution
		HideSolutionNode = FALSE
	EndGlobalSection
	GlobalSection(ExtensibilityGlobals) = postSolution
		SolutionGuid = {8FB413BA-EBE7-4760-8DFC-561EA49CFCF8}
	EndGlobalSection
EndGlobal
